{
  "name": "birdsy-client",
  "version": "0.1.0",
  "lockfileVersion": 2,
  "requires": true,
  "packages": {
    "": {
      "name": "birdsy-client",
      "version": "0.1.0",
      "dependencies": {
        "browser-router": "^0.2.0",
        "react": "^17.0.2",
        "react-dom": "^17.0.2",
        "react-router-dom": "^6.4.2",
        "react-scripts": "^0.0.0",
        "switch": "^0.0.0"
      }
    },
    "node_modules/@remix-run/router": {
      "version": "1.0.2",
      "resolved": "https://registry.npmjs.org/@remix-run/router/-/router-1.0.2.tgz",
      "integrity": "sha512-GRSOFhJzjGN+d4sKHTMSvNeUPoZiDHWmRnXfzaxrqe7dE/Nzlc8BiMSJdLDESZlndM7jIUrZ/F4yWqVYlI0rwQ==",
      "engines": {
        "node": ">=14"
      }
    },
    "node_modules/browser-router": {
      "version": "0.2.0",
      "resolved": "https://registry.npmjs.org/browser-router/-/browser-router-0.2.0.tgz",
      "integrity": "sha512-lBmEZSXzhwO7q12kv0o4/WO6bVayqeHd2ZP0cCszeD9xTEC2fAM+U5BBKG+4yqJHqW//ua+olgPhEWETVjynGQ==",
      "dependencies": {
        "query-string": "~0.1.1",
        "underscore": "~1.5.2"
      }
    },
    "node_modules/browser-router/node_modules/query-string": {
      "version": "0.1.1",
      "resolved": "https://registry.npmjs.org/query-string/-/query-string-0.1.1.tgz",
      "integrity": "sha512-SQ/K9KUsAl2bnieZV2mddfJkw/ea1W6K7zL9dNrpFrE8pkVNXf+AjgvJ4DOjRZ2IrINkPsqwV6x+k0gaVhMFfQ==",
      "engines": {
        "node": ">=0.8.0"
      }
    },
    "node_modules/js-tokens": {
      "version": "4.0.0",
      "resolved": "https://registry.npmjs.org/js-tokens/-/js-tokens-4.0.0.tgz",
      "integrity": "sha512-RdJUflcE3cUzKiMqQgsCu06FPu9UdIJO0beYbPhHN4k6apgJtifcoCtT9bcxOpYBtpD2kCM6Sbzg4CausW/PKQ=="
    },
    "node_modules/loose-envify": {
      "version": "1.4.0",
      "resolved": "https://registry.npmjs.org/loose-envify/-/loose-envify-1.4.0.tgz",
      "integrity": "sha512-lyuxPGr/Wfhrlem2CL/UcnUc1zcqKAImBDzukY7Y5F/yQiNdko6+fRLevlw1HgMySw7f611UIY408EtxRSoK3Q==",
      "dependencies": {
        "js-tokens": "^3.0.0 || ^4.0.0"
      },
      "bin": {
        "loose-envify": "cli.js"
      }
    },
    "node_modules/object-assign": {
      "version": "4.1.1",
      "resolved": "https://registry.npmjs.org/object-assign/-/object-assign-4.1.1.tgz",
      "integrity": "sha1-IQmtx5ZYh8/AXLvUQsrIv7s2CGM=",
      "engines": {
        "node": ">=0.10.0"
      }
    },
    "node_modules/react": {
      "version": "17.0.2",
      "resolved": "https://registry.npmjs.org/react/-/react-17.0.2.tgz",
      "integrity": "sha512-gnhPt75i/dq/z3/6q/0asP78D0u592D5L1pd7M8P+dck6Fu/jJeL6iVVK23fptSUZj8Vjf++7wXA8UNclGQcbA==",
      "dependencies": {
        "loose-envify": "^1.1.0",
        "object-assign": "^4.1.1"
      },
      "engines": {
        "node": ">=0.10.0"
      }
    },
    "node_modules/react-dom": {
      "version": "17.0.2",
      "resolved": "https://registry.npmjs.org/react-dom/-/react-dom-17.0.2.tgz",
      "integrity": "sha512-s4h96KtLDUQlsENhMn1ar8t2bEa+q/YAtj8pPPdIjPDGBDIVNsrD9aXNWqspUe6AzKCIG0C1HZZLqLV7qpOBGA==",
      "dependencies": {
        "loose-envify": "^1.1.0",
        "object-assign": "^4.1.1",
        "scheduler": "^0.20.2"
      },
      "peerDependencies": {
        "react": "17.0.2"
      }
    },
    "node_modules/react-router": {
      "version": "6.4.2",
      "resolved": "https://registry.npmjs.org/react-router/-/react-router-6.4.2.tgz",
      "integrity": "sha512-Rb0BAX9KHhVzT1OKhMvCDMw776aTYM0DtkxqUBP8dNBom3mPXlfNs76JNGK8wKJ1IZEY1+WGj+cvZxHVk/GiKw==",
      "dependencies": {
        "@remix-run/router": "1.0.2"
      },
      "engines": {
        "node": ">=14"
      },
      "peerDependencies": {
        "react": ">=16.8"
      }
    },
    "node_modules/react-router-dom": {
      "version": "6.4.2",
      "resolved": "https://registry.npmjs.org/react-router-dom/-/react-router-dom-6.4.2.tgz",
      "integrity": "sha512-yM1kjoTkpfjgczPrcyWrp+OuQMyB1WleICiiGfstnQYo/S8hPEEnVjr/RdmlH6yKK4Tnj1UGXFSa7uwAtmDoLQ==",
      "dependencies": {
        "@remix-run/router": "1.0.2",
        "react-router": "6.4.2"
      },
      "engines": {
        "node": ">=14"
      },
      "peerDependencies": {
        "react": ">=16.8",
        "react-dom": ">=16.8"
      }
    },
    "node_modules/react-scripts": {
      "version": "0.0.0",
      "resolved": "https://registry.npmjs.org/react-scripts/-/react-scripts-0.0.0.tgz",
      "integrity": "sha512-W7cVfdhbIvYrTjVaryO7WCpvzODu8V7JH/1O36RcfuzP3Cxjp5WpX5ycaoGt0LSQpntrem5jFSUoJrtvru1reA=="
    },
    "node_modules/scheduler": {
      "version": "0.20.2",
      "resolved": "https://registry.npmjs.org/scheduler/-/scheduler-0.20.2.tgz",
      "integrity": "sha512-2eWfGgAqqWFGqtdMmcL5zCMK1U8KlXv8SQFGglL3CEtd0aDVDWgeF/YoCmvln55m5zSk3J/20hTaSBeSObsQDQ==",
      "dependencies": {
        "loose-envify": "^1.1.0",
        "object-assign": "^4.1.1"
      }
    },
    "node_modules/switch": {
      "version": "0.0.0",
      "resolved": "https://registry.npmjs.org/switch/-/switch-0.0.0.tgz",
      "integrity": "sha512-Pvi4hlAXWHEIT+4XlQEPPIQ02hRzvn38K/cnZ5sZeM11FsDPoXvBD6i/zyVxFK6cgqSlS8sA5/sIwUGp9+ZMhw=="
    },
    "node_modules/underscore": {
      "version": "1.5.2",
      "resolved": "https://registry.npmjs.org/underscore/-/underscore-1.5.2.tgz",
      "integrity": "sha512-yejOFsRnTJs0N9CK5Apzf6maDO2djxGoLLrlZlvGs2o9ZQuhIhDL18rtFyy4FBIbOkzA6+4hDgXbgz5EvDQCXQ=="
    }
  },
  "dependencies": {
    "@remix-run/router": {
      "version": "1.0.2",
      "resolved": "https://registry.npmjs.org/@remix-run/router/-/router-1.0.2.tgz",
      "integrity": "sha512-GRSOFhJzjGN+d4sKHTMSvNeUPoZiDHWmRnXfzaxrqe7dE/Nzlc8BiMSJdLDESZlndM7jIUrZ/F4yWqVYlI0rwQ=="
    },
    "browser-router": {
      "version": "0.2.0",
      "resolved": "https://registry.npmjs.org/browser-router/-/browser-router-0.2.0.tgz",
      "integrity": "sha512-lBmEZSXzhwO7q12kv0o4/WO6bVayqeHd2ZP0cCszeD9xTEC2fAM+U5BBKG+4yqJHqW//ua+olgPhEWETVjynGQ==",
      "requires": {
        "query-string": "~0.1.1",
        "underscore": "~1.5.2"
      },
      "dependencies": {
        "query-string": {
          "version": "0.1.1",
          "resolved": "https://registry.npmjs.org/query-string/-/query-string-0.1.1.tgz",
          "integrity": "sha512-SQ/K9KUsAl2bnieZV2mddfJkw/ea1W6K7zL9dNrpFrE8pkVNXf+AjgvJ4DOjRZ2IrINkPsqwV6x+k0gaVhMFfQ=="
        }
      }
    },
    "js-tokens": {
      "version": "4.0.0",
      "resolved": "https://registry.npmjs.org/js-tokens/-/js-tokens-4.0.0.tgz",
      "integrity": "sha512-RdJUflcE3cUzKiMqQgsCu06FPu9UdIJO0beYbPhHN4k6apgJtifcoCtT9bcxOpYBtpD2kCM6Sbzg4CausW/PKQ=="
    },
    "loose-envify": {
      "version": "1.4.0",
      "resolved": "https://registry.npmjs.org/loose-envify/-/loose-envify-1.4.0.tgz",
      "integrity": "sha512-lyuxPGr/Wfhrlem2CL/UcnUc1zcqKAImBDzukY7Y5F/yQiNdko6+fRLevlw1HgMySw7f611UIY408EtxRSoK3Q==",
      "requires": {
        "js-tokens": "^3.0.0 || ^4.0.0"
      }
    },
    "object-assign": {
      "version": "4.1.1",
      "resolved": "https://registry.npmjs.org/object-assign/-/object-assign-4.1.1.tgz",
      "integrity": "sha1-IQmtx5ZYh8/AXLvUQsrIv7s2CGM="
    },
    "react": {
      "version": "17.0.2",
      "resolved": "https://registry.npmjs.org/react/-/react-17.0.2.tgz",
      "integrity": "sha512-gnhPt75i/dq/z3/6q/0asP78D0u592D5L1pd7M8P+dck6Fu/jJeL6iVVK23fptSUZj8Vjf++7wXA8UNclGQcbA==",
      "requires": {
        "loose-envify": "^1.1.0",
        "object-assign": "^4.1.1"
      }
    },
    "react-dom": {
      "version": "17.0.2",
      "resolved": "https://registry.npmjs.org/react-dom/-/react-dom-17.0.2.tgz",
      "integrity": "sha512-s4h96KtLDUQlsENhMn1ar8t2bEa+q/YAtj8pPPdIjPDGBDIVNsrD9aXNWqspUe6AzKCIG0C1HZZLqLV7qpOBGA==",
      "requires": {
        "loose-envify": "^1.1.0",
        "object-assign": "^4.1.1",
        "scheduler": "^0.20.2"
      }
    },
    "react-router": {
      "version": "6.4.2",
      "resolved": "https://registry.npmjs.org/react-router/-/react-router-6.4.2.tgz",
      "integrity": "sha512-Rb0BAX9KHhVzT1OKhMvCDMw776aTYM0DtkxqUBP8dNBom3mPXlfNs76JNGK8wKJ1IZEY1+WGj+cvZxHVk/GiKw==",
      "requires": {
        "@remix-run/router": "1.0.2"
      }
    },
    "react-router-dom": {
      "version": "6.4.2",
      "resolved": "https://registry.npmjs.org/react-router-dom/-/react-router-dom-6.4.2.tgz",
      "integrity": "sha512-yM1kjoTkpfjgczPrcyWrp+OuQMyB1WleICiiGfstnQYo/S8hPEEnVjr/RdmlH6yKK4Tnj1UGXFSa7uwAtmDoLQ==",
      "requires": {
        "@remix-run/router": "1.0.2",
        "react-router": "6.4.2"
      }
    },
    "react-scripts": {
      "version": "0.0.0",
      "resolved": "https://registry.npmjs.org/react-scripts/-/react-scripts-0.0.0.tgz",
      "integrity": "sha512-W7cVfdhbIvYrTjVaryO7WCpvzODu8V7JH/1O36RcfuzP3Cxjp5WpX5ycaoGt0LSQpntrem5jFSUoJrtvru1reA=="
    },
    "scheduler": {
      "version": "0.20.2",
      "resolved": "https://registry.npmjs.org/scheduler/-/scheduler-0.20.2.tgz",
      "integrity": "sha512-2eWfGgAqqWFGqtdMmcL5zCMK1U8KlXv8SQFGglL3CEtd0aDVDWgeF/YoCmvln55m5zSk3J/20hTaSBeSObsQDQ==",
      "requires": {
        "loose-envify": "^1.1.0",
        "object-assign": "^4.1.1"
      }
    },
    "switch": {
      "version": "0.0.0",
      "resolved": "https://registry.npmjs.org/switch/-/switch-0.0.0.tgz",
      "integrity": "sha512-Pvi4hlAXWHEIT+4XlQEPPIQ02hRzvn38K/cnZ5sZeM11FsDPoXvBD6i/zyVxFK6cgqSlS8sA5/sIwUGp9+ZMhw=="
    },
    "underscore": {
      "version": "1.5.2",
      "resolved": "https://registry.npmjs.org/underscore/-/underscore-1.5.2.tgz",
      "integrity": "sha512-yejOFsRnTJs0N9CK5Apzf6maDO2djxGoLLrlZlvGs2o9ZQuhIhDL18rtFyy4FBIbOkzA6+4hDgXbgz5EvDQCXQ=="
    }
  }
}
